PODS:
  - Alamofire (5.4.1)
  - Differentiator (4.0.1)
  - IQKeyboardManagerSwift (6.5.6)
  - KeychainAccess (4.2.2)
  - Kingfisher (6.2.1)
  - MBProgressHUD (1.2.0)
  - PromiseKit (6.13.1):
    - PromiseKit/CorePromise (= 6.13.1)
    - PromiseKit/Foundation (= 6.13.1)
    - PromiseKit/UIKit (= 6.13.1)
  - PromiseKit/CorePromise (6.13.1)
  - PromiseKit/Foundation (6.13.1):
    - PromiseKit/CorePromise
  - PromiseKit/UIKit (6.13.1):
    - PromiseKit/CorePromise
  - RxCocoa (5.1.1):
    - RxRelay (~> 5)
    - RxSwift (~> 5)
  - RxDataSources (4.0.1):
    - Differentiator (~> 4.0)
    - RxCocoa (~> 5.0)
    - RxSwift (~> 5.0)
  - RxGesture (3.0.2):
    - RxCocoa (~> 5.1)
    - RxSwift (~> 5.1)
  - RxRelay (5.1.1):
    - RxSwift (~> 5)
  - RxSwift (5.1.2)
  - RxSwiftExt (5.2.0):
    - RxSwiftExt/Core (= 5.2.0)
    - RxSwiftExt/RxCocoa (= 5.2.0)
  - RxSwiftExt/Core (5.2.0):
    - RxSwift (~> 5.0)
  - RxSwiftExt/RxCocoa (5.2.0):
    - RxCocoa (~> 5.0)
    - RxSwiftExt/Core
  - SwiftyJSON (5.0.1)

DEPENDENCIES:
  - Alamofire
  - IQKeyboardManagerSwift
  - KeychainAccess
  - Kingfisher
  - MBProgressHUD (~> 1.2.0)
  - PromiseKit
  - RxCocoa (~> 5)
  - RxDataSources (~> 4.0)
  - RxGesture
  - RxSwift (~> 5)
  - RxSwiftExt (~> 5)
  - SwiftyJSON

SPEC REPOS:
  trunk:
    - Alamofire
    - Differentiator
    - IQKeyboardManagerSwift
    - KeychainAccess
    - Kingfisher
    - MBProgressHUD
    - PromiseKit
    - RxCocoa
    - RxDataSources
    - RxGesture
    - RxRelay
    - RxSwift
    - RxSwiftExt
    - SwiftyJSON

SPEC CHECKSUMS:
  Alamofire: 2291f7d21ca607c491dd17642e5d40fdcda0e65c
  Differentiator: 886080237d9f87f322641dedbc5be257061b0602
  IQKeyboardManagerSwift: c7df9d2deb356c04522f5c4b7b6e4ce4d8ed94fe
  KeychainAccess: c0c4f7f38f6fc7bbe58f5702e25f7bd2f65abf51
  Kingfisher: e71c6fac2aebb1262888cabc2cb13d313362a48f
  MBProgressHUD: 3ee5efcc380f6a79a7cc9b363dd669c5e1ae7406
  PromiseKit: 28fda91c973cc377875d8c0ea4f973013c05b6db
  RxCocoa: 32065309a38d29b5b0db858819b5bf9ef038b601
  RxDataSources: efee07fa4de48477eca0a4611e6d11e2da9c1114
  RxGesture: d6bd7447ca3a596c7a9702a6a2b6a2bb5d8bae54
  RxRelay: d77f7d771495f43c556cbc43eebd1bb54d01e8e9
  RxSwift: 1e2e1f9570186967f617e49128ed26ccf1bafc8e
  RxSwiftExt: 4ca80336f43c28f11a2825cdd2fc61dd6c044697
  SwiftyJSON: 2f33a42c6fbc52764d96f13368585094bfd8aa5e

PODFILE CHECKSUM: fba907a08e604ff2a704c2d814c92fe751fe45ea

COCOAPODS: 1.10.0
